
Microsoft Visual Studio Solution File, Format Version 12.00
# Visual Studio 14
VisualStudioVersion = 14.0.25123.0
MinimumVisualStudioVersion = 10.0.40219.1
Project("{FAE04EC0-301F-11D3-BF4B-00C04F79EFBC}") = "GPSTrack.Droid", "GPSTrack\GPSTrack.Droid\GPSTrack.Droid.csproj", "{9C13BC44-9020-48B8-8F82-99588F9EB3AC}"
EndProject
Project("{FAE04EC0-301F-11D3-BF4B-00C04F79EFBC}") = "GPSTrack.UWP", "GPSTrack\GPSTrack.UWP\GPSTrack.UWP.csproj", "{53E95C28-C7BC-4443-B190-6709274C7498}"
EndProject
Project("{FAE04EC0-301F-11D3-BF4B-00C04F79EFBC}") = "GPSTrack", "GPSTrack\GPSTrack\GPSTrack.csproj", "{18ACFD4B-3242-420F-A068-76ECEE42DA56}"
EndProject
Global
	GlobalSection(SolutionConfigurationPlatforms) = preSolution
		Ad-Hoc|Any CPU = Ad-Hoc|Any CPU
		Ad-Hoc|ARM = Ad-Hoc|ARM
		Ad-Hoc|iPhone = Ad-Hoc|iPhone
		Ad-Hoc|iPhoneSimulator = Ad-Hoc|iPhoneSimulator
		Ad-Hoc|x64 = Ad-Hoc|x64
		Ad-Hoc|x86 = Ad-Hoc|x86
		AppStore|Any CPU = AppStore|Any CPU
		AppStore|ARM = AppStore|ARM
		AppStore|iPhone = AppStore|iPhone
		AppStore|iPhoneSimulator = AppStore|iPhoneSimulator
		AppStore|x64 = AppStore|x64
		AppStore|x86 = AppStore|x86
		Debug|Any CPU = Debug|Any CPU
		Debug|ARM = Debug|ARM
		Debug|iPhone = Debug|iPhone
		Debug|iPhoneSimulator = Debug|iPhoneSimulator
		Debug|x64 = Debug|x64
		Debug|x86 = Debug|x86
		Release|Any CPU = Release|Any CPU
		Release|ARM = Release|ARM
		Release|iPhone = Release|iPhone
		Release|iPhoneSimulator = Release|iPhoneSimulator
		Release|x64 = Release|x64
		Release|x86 = Release|x86
	EndGlobalSection
	GlobalSection(ProjectConfigurationPlatforms) = postSolution
		{9C13BC44-9020-48B8-8F82-99588F9EB3AC}.Ad-Hoc|Any CPU.ActiveCfg = Release|Any CPU
		{9C13BC44-9020-48B8-8F82-99588F9EB3AC}.Ad-Hoc|Any CPU.Build.0 = Release|Any CPU
		{9C13BC44-9020-48B8-8F82-99588F9EB3AC}.Ad-Hoc|Any CPU.Deploy.0 = Release|Any CPU
		{9C13BC44-9020-48B8-8F82-99588F9EB3AC}.Ad-Hoc|ARM.ActiveCfg = Release|Any CPU
		{9C13BC44-9020-48B8-8F82-99588F9EB3AC}.Ad-Hoc|ARM.Build.0 = Release|Any CPU
		{9C13BC44-9020-48B8-8F82-99588F9EB3AC}.Ad-Hoc|ARM.Deploy.0 = Release|Any CPU
		{9C13BC44-9020-48B8-8F82-99588F9EB3AC}.Ad-Hoc|iPhone.ActiveCfg = Release|Any CPU
		{9C13BC44-9020-48B8-8F82-99588F9EB3AC}.Ad-Hoc|iPhone.Build.0 = Release|Any CPU
		{9C13BC44-9020-48B8-8F82-99588F9EB3AC}.Ad-Hoc|iPhone.Deploy.0 = Release|Any CPU
		{9C13BC44-9020-48B8-8F82-99588F9EB3AC}.Ad-Hoc|iPhoneSimulator.ActiveCfg = Release|Any CPU
		{9C13BC44-9020-48B8-8F82-99588F9EB3AC}.Ad-Hoc|iPhoneSimulator.Build.0 = Release|Any CPU
		{9C13BC44-9020-48B8-8F82-99588F9EB3AC}.Ad-Hoc|iPhoneSimulator.Deploy.0 = Release|Any CPU
		{9C13BC44-9020-48B8-8F82-99588F9EB3AC}.Ad-Hoc|x64.ActiveCfg = Release|Any CPU
		{9C13BC44-9020-48B8-8F82-99588F9EB3AC}.Ad-Hoc|x64.Build.0 = Release|Any CPU
		{9C13BC44-9020-48B8-8F82-99588F9EB3AC}.Ad-Hoc|x64.Deploy.0 = Release|Any CPU
		{9C13BC44-9020-48B8-8F82-99588F9EB3AC}.Ad-Hoc|x86.ActiveCfg = Release|Any CPU
		{9C13BC44-9020-48B8-8F82-99588F9EB3AC}.Ad-Hoc|x86.Build.0 = Release|Any CPU
		{9C13BC44-9020-48B8-8F82-99588F9EB3AC}.Ad-Hoc|x86.Deploy.0 = Release|Any CPU
		{9C13BC44-9020-48B8-8F82-99588F9EB3AC}.AppStore|Any CPU.ActiveCfg = Release|Any CPU
		{9C13BC44-9020-48B8-8F82-99588F9EB3AC}.AppStore|Any CPU.Build.0 = Release|Any CPU
		{9C13BC44-9020-48B8-8F82-99588F9EB3AC}.AppStore|Any CPU.Deploy.0 = Release|Any CPU
		{9C13BC44-9020-48B8-8F82-99588F9EB3AC}.AppStore|ARM.ActiveCfg = Release|Any CPU
		{9C13BC44-9020-48B8-8F82-99588F9EB3AC}.AppStore|ARM.Build.0 = Release|Any CPU
		{9C13BC44-9020-48B8-8F82-99588F9EB3AC}.AppStore|ARM.Deploy.0 = Release|Any CPU
		{9C13BC44-9020-48B8-8F82-99588F9EB3AC}.AppStore|iPhone.ActiveCfg = Release|Any CPU
		{9C13BC44-9020-48B8-8F82-99588F9EB3AC}.AppStore|iPhone.Build.0 = Release|Any CPU
		{9C13BC44-9020-48B8-8F82-99588F9EB3AC}.AppStore|iPhone.Deploy.0 = Release|Any CPU
		{9C13BC44-9020-48B8-8F82-99588F9EB3AC}.AppStore|iPhoneSimulator.ActiveCfg = Release|Any CPU
		{9C13BC44-9020-48B8-8F82-99588F9EB3AC}.AppStore|iPhoneSimulator.Build.0 = Release|Any CPU
		{9C13BC44-9020-48B8-8F82-99588F9EB3AC}.AppStore|iPhoneSimulator.Deploy.0 = Release|Any CPU
		{9C13BC44-9020-48B8-8F82-99588F9EB3AC}.AppStore|x64.ActiveCfg = Release|Any CPU
		{9C13BC44-9020-48B8-8F82-99588F9EB3AC}.AppStore|x64.Build.0 = Release|Any CPU
		{9C13BC44-9020-48B8-8F82-99588F9EB3AC}.AppStore|x64.Deploy.0 = Release|Any CPU
		{9C13BC44-9020-48B8-8F82-99588F9EB3AC}.AppStore|x86.ActiveCfg = Release|Any CPU
		{9C13BC44-9020-48B8-8F82-99588F9EB3AC}.AppStore|x86.Build.0 = Release|Any CPU
		{9C13BC44-9020-48B8-8F82-99588F9EB3AC}.AppStore|x86.Deploy.0 = Release|Any CPU
		{9C13BC44-9020-48B8-8F82-99588F9EB3AC}.Debug|Any CPU.ActiveCfg = Debug|Any CPU
		{9C13BC44-9020-48B8-8F82-99588F9EB3AC}.Debug|Any CPU.Build.0 = Debug|Any CPU
		{9C13BC44-9020-48B8-8F82-99588F9EB3AC}.Debug|Any CPU.Deploy.0 = Debug|Any CPU
		{9C13BC44-9020-48B8-8F82-99588F9EB3AC}.Debug|ARM.ActiveCfg = Debug|Any CPU
		{9C13BC44-9020-48B8-8F82-99588F9EB3AC}.Debug|ARM.Build.0 = Debug|Any CPU
		{9C13BC44-9020-48B8-8F82-99588F9EB3AC}.Debug|ARM.Deploy.0 = Debug|Any CPU
		{9C13BC44-9020-48B8-8F82-99588F9EB3AC}.Debug|iPhone.ActiveCfg = Debug|Any CPU
		{9C13BC44-9020-48B8-8F82-99588F9EB3AC}.Debug|iPhone.Build.0 = Debug|Any CPU
		{9C13BC44-9020-48B8-8F82-99588F9EB3AC}.Debug|iPhone.Deploy.0 = Debug|Any CPU
		{9C13BC44-9020-48B8-8F82-99588F9EB3AC}.Debug|iPhoneSimulator.ActiveCfg = Debug|Any CPU
		{9C13BC44-9020-48B8-8F82-99588F9EB3AC}.Debug|iPhoneSimulator.Build.0 = Debug|Any CPU
		{9C13BC44-9020-48B8-8F82-99588F9EB3AC}.Debug|iPhoneSimulator.Deploy.0 = Debug|Any CPU
		{9C13BC44-9020-48B8-8F82-99588F9EB3AC}.Debug|x64.ActiveCfg = Debug|Any CPU
		{9C13BC44-9020-48B8-8F82-99588F9EB3AC}.Debug|x64.Build.0 = Debug|Any CPU
		{9C13BC44-9020-48B8-8F82-99588F9EB3AC}.Debug|x64.Deploy.0 = Debug|Any CPU
		{9C13BC44-9020-48B8-8F82-99588F9EB3AC}.Debug|x86.ActiveCfg = Debug|Any CPU
		{9C13BC44-9020-48B8-8F82-99588F9EB3AC}.Debug|x86.Build.0 = Debug|Any CPU
		{9C13BC44-9020-48B8-8F82-99588F9EB3AC}.Debug|x86.Deploy.0 = Debug|Any CPU
		{9C13BC44-9020-48B8-8F82-99588F9EB3AC}.Release|Any CPU.ActiveCfg = Release|Any CPU
		{9C13BC44-9020-48B8-8F82-99588F9EB3AC}.Release|Any CPU.Build.0 = Release|Any CPU
		{9C13BC44-9020-48B8-8F82-99588F9EB3AC}.Release|Any CPU.Deploy.0 = Release|Any CPU
		{9C13BC44-9020-48B8-8F82-99588F9EB3AC}.Release|ARM.ActiveCfg = Release|Any CPU
		{9C13BC44-9020-48B8-8F82-99588F9EB3AC}.Release|ARM.Build.0 = Release|Any CPU
		{9C13BC44-9020-48B8-8F82-99588F9EB3AC}.Release|ARM.Deploy.0 = Release|Any CPU
		{9C13BC44-9020-48B8-8F82-99588F9EB3AC}.Release|iPhone.ActiveCfg = Release|Any CPU
		{9C13BC44-9020-48B8-8F82-99588F9EB3AC}.Release|iPhone.Build.0 = Release|Any CPU
		{9C13BC44-9020-48B8-8F82-99588F9EB3AC}.Release|iPhone.Deploy.0 = Release|Any CPU
		{9C13BC44-9020-48B8-8F82-99588F9EB3AC}.Release|iPhoneSimulator.ActiveCfg = Release|Any CPU
		{9C13BC44-9020-48B8-8F82-99588F9EB3AC}.Release|iPhoneSimulator.Build.0 = Release|Any CPU
		{9C13BC44-9020-48B8-8F82-99588F9EB3AC}.Release|iPhoneSimulator.Deploy.0 = Release|Any CPU
		{9C13BC44-9020-48B8-8F82-99588F9EB3AC}.Release|x64.ActiveCfg = Release|Any CPU
		{9C13BC44-9020-48B8-8F82-99588F9EB3AC}.Release|x64.Build.0 = Release|Any CPU
		{9C13BC44-9020-48B8-8F82-99588F9EB3AC}.Release|x64.Deploy.0 = Release|Any CPU
		{9C13BC44-9020-48B8-8F82-99588F9EB3AC}.Release|x86.ActiveCfg = Release|Any CPU
		{9C13BC44-9020-48B8-8F82-99588F9EB3AC}.Release|x86.Build.0 = Release|Any CPU
		{9C13BC44-9020-48B8-8F82-99588F9EB3AC}.Release|x86.Deploy.0 = Release|Any CPU
		{53E95C28-C7BC-4443-B190-6709274C7498}.Ad-Hoc|Any CPU.ActiveCfg = Release|x86
		{53E95C28-C7BC-4443-B190-6709274C7498}.Ad-Hoc|Any CPU.Build.0 = Release|x86
		{53E95C28-C7BC-4443-B190-6709274C7498}.Ad-Hoc|Any CPU.Deploy.0 = Release|x86
		{53E95C28-C7BC-4443-B190-6709274C7498}.Ad-Hoc|ARM.ActiveCfg = Release|ARM
		{53E95C28-C7BC-4443-B190-6709274C7498}.Ad-Hoc|ARM.Build.0 = Release|ARM
		{53E95C28-C7BC-4443-B190-6709274C7498}.Ad-Hoc|ARM.Deploy.0 = Release|ARM
		{53E95C28-C7BC-4443-B190-6709274C7498}.Ad-Hoc|iPhone.ActiveCfg = Release|x86
		{53E95C28-C7BC-4443-B190-6709274C7498}.Ad-Hoc|iPhone.Build.0 = Release|x86
		{53E95C28-C7BC-4443-B190-6709274C7498}.Ad-Hoc|iPhone.Deploy.0 = Release|x86
		{53E95C28-C7BC-4443-B190-6709274C7498}.Ad-Hoc|iPhoneSimulator.ActiveCfg = Release|x86
		{53E95C28-C7BC-4443-B190-6709274C7498}.Ad-Hoc|iPhoneSimulator.Build.0 = Release|x86
		{53E95C28-C7BC-4443-B190-6709274C7498}.Ad-Hoc|iPhoneSimulator.Deploy.0 = Release|x86
		{53E95C28-C7BC-4443-B190-6709274C7498}.Ad-Hoc|x64.ActiveCfg = Release|x64
		{53E95C28-C7BC-4443-B190-6709274C7498}.Ad-Hoc|x64.Build.0 = Release|x64
		{53E95C28-C7BC-4443-B190-6709274C7498}.Ad-Hoc|x64.Deploy.0 = Release|x64
		{53E95C28-C7BC-4443-B190-6709274C7498}.Ad-Hoc|x86.ActiveCfg = Release|x86
		{53E95C28-C7BC-4443-B190-6709274C7498}.Ad-Hoc|x86.Build.0 = Release|x86
		{53E95C28-C7BC-4443-B190-6709274C7498}.Ad-Hoc|x86.Deploy.0 = Release|x86
		{53E95C28-C7BC-4443-B190-6709274C7498}.AppStore|Any CPU.ActiveCfg = Release|x86
		{53E95C28-C7BC-4443-B190-6709274C7498}.AppStore|Any CPU.Build.0 = Release|x86
		{53E95C28-C7BC-4443-B190-6709274C7498}.AppStore|Any CPU.Deploy.0 = Release|x86
		{53E95C28-C7BC-4443-B190-6709274C7498}.AppStore|ARM.ActiveCfg = Release|ARM
		{53E95C28-C7BC-4443-B190-6709274C7498}.AppStore|ARM.Build.0 = Release|ARM
		{53E95C28-C7BC-4443-B190-6709274C7498}.AppStore|ARM.Deploy.0 = Release|ARM
		{53E95C28-C7BC-4443-B190-6709274C7498}.AppStore|iPhone.ActiveCfg = Release|x86
		{53E95C28-C7BC-4443-B190-6709274C7498}.AppStore|iPhone.Build.0 = Release|x86
		{53E95C28-C7BC-4443-B190-6709274C7498}.AppStore|iPhone.Deploy.0 = Release|x86
		{53E95C28-C7BC-4443-B190-6709274C7498}.AppStore|iPhoneSimulator.ActiveCfg = Release|x86
		{53E95C28-C7BC-4443-B190-6709274C7498}.AppStore|iPhoneSimulator.Build.0 = Release|x86
		{53E95C28-C7BC-4443-B190-6709274C7498}.AppStore|iPhoneSimulator.Deploy.0 = Release|x86
		{53E95C28-C7BC-4443-B190-6709274C7498}.AppStore|x64.ActiveCfg = Release|x64
		{53E95C28-C7BC-4443-B190-6709274C7498}.AppStore|x64.Build.0 = Release|x64
		{53E95C28-C7BC-4443-B190-6709274C7498}.AppStore|x64.Deploy.0 = Release|x64
		{53E95C28-C7BC-4443-B190-6709274C7498}.AppStore|x86.ActiveCfg = Release|x86
		{53E95C28-C7BC-4443-B190-6709274C7498}.AppStore|x86.Build.0 = Release|x86
		{53E95C28-C7BC-4443-B190-6709274C7498}.AppStore|x86.Deploy.0 = Release|x86
		{53E95C28-C7BC-4443-B190-6709274C7498}.Debug|Any CPU.ActiveCfg = Debug|x86
		{53E95C28-C7BC-4443-B190-6709274C7498}.Debug|Any CPU.Build.0 = Debug|x86
		{53E95C28-C7BC-4443-B190-6709274C7498}.Debug|Any CPU.Deploy.0 = Debug|x86
		{53E95C28-C7BC-4443-B190-6709274C7498}.Debug|ARM.ActiveCfg = Debug|ARM
		{53E95C28-C7BC-4443-B190-6709274C7498}.Debug|ARM.Build.0 = Debug|ARM
		{53E95C28-C7BC-4443-B190-6709274C7498}.Debug|ARM.Deploy.0 = Debug|ARM
		{53E95C28-C7BC-4443-B190-6709274C7498}.Debug|iPhone.ActiveCfg = Debug|x86
		{53E95C28-C7BC-4443-B190-6709274C7498}.Debug|iPhoneSimulator.ActiveCfg = Debug|x86
		{53E95C28-C7BC-4443-B190-6709274C7498}.Debug|x64.ActiveCfg = Debug|x64
		{53E95C28-C7BC-4443-B190-6709274C7498}.Debug|x64.Build.0 = Debug|x64
		{53E95C28-C7BC-4443-B190-6709274C7498}.Debug|x64.Deploy.0 = Debug|x64
		{53E95C28-C7BC-4443-B190-6709274C7498}.Debug|x86.ActiveCfg = Debug|x86
		{53E95C28-C7BC-4443-B190-6709274C7498}.Debug|x86.Build.0 = Debug|x86
		{53E95C28-C7BC-4443-B190-6709274C7498}.Debug|x86.Deploy.0 = Debug|x86
		{53E95C28-C7BC-4443-B190-6709274C7498}.Release|Any CPU.ActiveCfg = Release|x86
		{53E95C28-C7BC-4443-B190-6709274C7498}.Release|ARM.ActiveCfg = Release|ARM
		{53E95C28-C7BC-4443-B190-6709274C7498}.Release|ARM.Build.0 = Release|ARM
		{53E95C28-C7BC-4443-B190-6709274C7498}.Release|ARM.Deploy.0 = Release|ARM
		{53E95C28-C7BC-4443-B190-6709274C7498}.Release|iPhone.ActiveCfg = Release|x86
		{53E95C28-C7BC-4443-B190-6709274C7498}.Release|iPhoneSimulator.ActiveCfg = Release|x86
		{53E95C28-C7BC-4443-B190-6709274C7498}.Release|x64.ActiveCfg = Release|x64
		{53E95C28-C7BC-4443-B190-6709274C7498}.Release|x64.Build.0 = Release|x64
		{53E95C28-C7BC-4443-B190-6709274C7498}.Release|x64.Deploy.0 = Release|x64
		{53E95C28-C7BC-4443-B190-6709274C7498}.Release|x86.ActiveCfg = Release|x86
		{53E95C28-C7BC-4443-B190-6709274C7498}.Release|x86.Build.0 = Release|x86
		{53E95C28-C7BC-4443-B190-6709274C7498}.Release|x86.Deploy.0 = Release|x86
		{18ACFD4B-3242-420F-A068-76ECEE42DA56}.Ad-Hoc|Any CPU.ActiveCfg = Release|Any CPU
		{18ACFD4B-3242-420F-A068-76ECEE42DA56}.Ad-Hoc|Any CPU.Build.0 = Release|Any CPU
		{18ACFD4B-3242-420F-A068-76ECEE42DA56}.Ad-Hoc|ARM.ActiveCfg = Release|Any CPU
		{18ACFD4B-3242-420F-A068-76ECEE42DA56}.Ad-Hoc|ARM.Build.0 = Release|Any CPU
		{18ACFD4B-3242-420F-A068-76ECEE42DA56}.Ad-Hoc|iPhone.ActiveCfg = Release|Any CPU
		{18ACFD4B-3242-420F-A068-76ECEE42DA56}.Ad-Hoc|iPhone.Build.0 = Release|Any CPU
		{18ACFD4B-3242-420F-A068-76ECEE42DA56}.Ad-Hoc|iPhoneSimulator.ActiveCfg = Release|Any CPU
		{18ACFD4B-3242-420F-A068-76ECEE42DA56}.Ad-Hoc|iPhoneSimulator.Build.0 = Release|Any CPU
		{18ACFD4B-3242-420F-A068-76ECEE42DA56}.Ad-Hoc|x64.ActiveCfg = Release|Any CPU
		{18ACFD4B-3242-420F-A068-76ECEE42DA56}.Ad-Hoc|x64.Build.0 = Release|Any CPU
		{18ACFD4B-3242-420F-A068-76ECEE42DA56}.Ad-Hoc|x86.ActiveCfg = Release|Any CPU
		{18ACFD4B-3242-420F-A068-76ECEE42DA56}.Ad-Hoc|x86.Build.0 = Release|Any CPU
		{18ACFD4B-3242-420F-A068-76ECEE42DA56}.AppStore|Any CPU.ActiveCfg = Release|Any CPU
		{18ACFD4B-3242-420F-A068-76ECEE42DA56}.AppStore|Any CPU.Build.0 = Release|Any CPU
		{18ACFD4B-3242-420F-A068-76ECEE42DA56}.AppStore|ARM.ActiveCfg = Release|Any CPU
		{18ACFD4B-3242-420F-A068-76ECEE42DA56}.AppStore|ARM.Build.0 = Release|Any CPU
		{18ACFD4B-3242-420F-A068-76ECEE42DA56}.AppStore|iPhone.ActiveCfg = Release|Any CPU
		{18ACFD4B-3242-420F-A068-76ECEE42DA56}.AppStore|iPhone.Build.0 = Release|Any CPU
		{18ACFD4B-3242-420F-A068-76ECEE42DA56}.AppStore|iPhoneSimulator.ActiveCfg = Release|Any CPU
		{18ACFD4B-3242-420F-A068-76ECEE42DA56}.AppStore|iPhoneSimulator.Build.0 = Release|Any CPU
		{18ACFD4B-3242-420F-A068-76ECEE42DA56}.AppStore|x64.ActiveCfg = Release|Any CPU
		{18ACFD4B-3242-420F-A068-76ECEE42DA56}.AppStore|x64.Build.0 = Release|Any CPU
		{18ACFD4B-3242-420F-A068-76ECEE42DA56}.AppStore|x86.ActiveCfg = Release|Any CPU
		{18ACFD4B-3242-420F-A068-76ECEE42DA56}.AppStore|x86.Build.0 = Release|Any CPU
		{18ACFD4B-3242-420F-A068-76ECEE42DA56}.Debug|Any CPU.ActiveCfg = Debug|Any CPU
		{18ACFD4B-3242-420F-A068-76ECEE42DA56}.Debug|Any CPU.Build.0 = Debug|Any CPU
		{18ACFD4B-3242-420F-A068-76ECEE42DA56}.Debug|ARM.ActiveCfg = Debug|Any CPU
		{18ACFD4B-3242-420F-A068-76ECEE42DA56}.Debug|ARM.Build.0 = Debug|Any CPU
		{18ACFD4B-3242-420F-A068-76ECEE42DA56}.Debug|iPhone.ActiveCfg = Debug|Any CPU
		{18ACFD4B-3242-420F-A068-76ECEE42DA56}.Debug|iPhone.Build.0 = Debug|Any CPU
		{18ACFD4B-3242-420F-A068-76ECEE42DA56}.Debug|iPhoneSimulator.ActiveCfg = Debug|Any CPU
		{18ACFD4B-3242-420F-A068-76ECEE42DA56}.Debug|iPhoneSimulator.Build.0 = Debug|Any CPU
		{18ACFD4B-3242-420F-A068-76ECEE42DA56}.Debug|x64.ActiveCfg = Debug|Any CPU
		{18ACFD4B-3242-420F-A068-76ECEE42DA56}.Debug|x64.Build.0 = Debug|Any CPU
		{18ACFD4B-3242-420F-A068-76ECEE42DA56}.Debug|x86.ActiveCfg = Debug|Any CPU
		{18ACFD4B-3242-420F-A068-76ECEE42DA56}.Debug|x86.Build.0 = Debug|Any CPU
		{18ACFD4B-3242-420F-A068-76ECEE42DA56}.Release|Any CPU.ActiveCfg = Release|Any CPU
		{18ACFD4B-3242-420F-A068-76ECEE42DA56}.Release|Any CPU.Build.0 = Release|Any CPU
		{18ACFD4B-3242-420F-A068-76ECEE42DA56}.Release|ARM.ActiveCfg = Release|Any CPU
		{18ACFD4B-3242-420F-A068-76ECEE42DA56}.Release|ARM.Build.0 = Release|Any CPU
		{18ACFD4B-3242-420F-A068-76ECEE42DA56}.Release|iPhone.ActiveCfg = Release|Any CPU
		{18ACFD4B-3242-420F-A068-76ECEE42DA56}.Release|iPhone.Build.0 = Release|Any CPU
		{18ACFD4B-3242-420F-A068-76ECEE42DA56}.Release|iPhoneSimulator.ActiveCfg = Release|Any CPU
		{18ACFD4B-3242-420F-A068-76ECEE42DA56}.Release|iPhoneSimulator.Build.0 = Release|Any CPU
		{18ACFD4B-3242-420F-A068-76ECEE42DA56}.Release|x64.ActiveCfg = Release|Any CPU
		{18ACFD4B-3242-420F-A068-76ECEE42DA56}.Release|x64.Build.0 = Release|Any CPU
		{18ACFD4B-3242-420F-A068-76ECEE42DA56}.Release|x86.ActiveCfg = Release|Any CPU
		{18ACFD4B-3242-420F-A068-76ECEE42DA56}.Release|x86.Build.0 = Release|Any CPU
	EndGlobalSection
	GlobalSection(SolutionProperties) = preSolution
		HideSolutionNode = FALSE
	EndGlobalSection
EndGlobal
